{
  "originHash" : "4ddd821ba26fd574f46ab5f02e5b3ca66c28cb7b6aa771733294345e0e936599",
  "pins" : [
    {
      "identity" : "armarkdowntextstorage",
      "kind" : "remoteSourceControl",
      "location" : "https://github.com/AppleArealidea/ARMarkdownTextStorage.git",
      "state" : {
        "revision" : "59e337ad509c3a2a99b2052fc02c2f989a4c43c4",
        "version" : "2.0.0"
      }
    }
  ],
  "version" : 3
}
