{
  "originHash" : "6dee337a3e0e7b21fc5576165016607911ffb456e327e9d4b4d3c03ce56380ca",
  "pins" : [
    {
      "identity" : "armarkdowntextstorage",
      "kind" : "remoteSourceControl",
      "location" : "https://github.com/AppleArealidea/ARMarkdownTextStorage.git",
      "state" : {
        "revision" : "44b22e4cbab2fee9bccabe2dfb5f0238cab31004",
        "version" : "2.0.2"
      }
    }
  ],
  "version" : 3
}
