{
  "originHash" : "74b216c4f29ac3a01aaddfb65bec46657864c2e7fc2ca25ec3b1121477c6560e",
  "pins" : [
    {
      "identity" : "armarkdowntextstorage",
      "kind" : "remoteSourceControl",
      "location" : "https://github.com/AppleArealidea/ARMarkdownTextStorage.git",
      "state" : {
        "revision" : "59e337ad509c3a2a99b2052fc02c2f989a4c43c4",
        "version" : "2.0.0"
      }
    }
  ],
  "version" : 3
}
